Microsoft Visual Studio Solution File, Format Version 12.00
# Visual Studio 15
VisualStudioVersion = 15.0.27130.2010
MinimumVisualStudioVersion = 10.0.40219.1
Project("{FAE04EC0-301F-11D3-BF4B-00C04F79EFBC}") = "FirstLife", "FirstLife\FirstLife.csproj", "{6E20DEA4-5640-444B-8043-6F7A38F6656A}"
EndProject
Project("{FAE04EC0-301F-11D3-BF4B-00C04F79EFBC}") = "FirstLife.iOS", "iOS\FirstLife.iOS.csproj", "{1F2A9E94-EAA8-46E5-828B-DCF868BC2211}"
EndProject
Project("{FAE04EC0-301F-11D3-BF4B-00C04F79EFBC}") = "FirstLife.Droid", "Droid\FirstLife.Droid.csproj", "{A37E8809-1783-4C4B-88CA-A0B4B671B50D}"
EndProject
Project("{FAE04EC0-301F-11D3-BF4B-00C04F79EFBC}") = "XIF", "XIF\XIF.csproj", "{7F03EBBC-2947-43CC-B30E-540FE74EA547}"
EndProject
Project("{FAE04EC0-301F-11D3-BF4B-00C04F79EFBC}") = "FirstLife.UWP", "FirstLife.UWP\FirstLife.UWP.csproj", "{105F36B6-333A-42D9-A4EE-FFB7DDCF81A0}"
EndProject
Global
	GlobalSection(SolutionConfigurationPlatforms) = preSolution
		Debug|Any CPU = Debug|Any CPU
		Debug|ARM = Debug|ARM
		Debug|iPhone = Debug|iPhone
		Debug|iPhoneSimulator = Debug|iPhoneSimulator
		Debug|x64 = Debug|x64
		Debug|x86 = Debug|x86
		Release|Any CPU = Release|Any CPU
		Release|ARM = Release|ARM
		Release|iPhone = Release|iPhone
		Release|iPhoneSimulator = Release|iPhoneSimulator
		Release|x64 = Release|x64
		Release|x86 = Release|x86
	EndGlobalSection
	GlobalSection(ProjectConfigurationPlatforms) = postSolution
		{6E20DEA4-5640-444B-8043-6F7A38F6656A}.Debug|Any CPU.ActiveCfg = Debug|Any CPU
		{6E20DEA4-5640-444B-8043-6F7A38F6656A}.Debug|Any CPU.Build.0 = Debug|Any CPU
		{6E20DEA4-5640-444B-8043-6F7A38F6656A}.Debug|ARM.ActiveCfg = Debug|Any CPU
		{6E20DEA4-5640-444B-8043-6F7A38F6656A}.Debug|ARM.Build.0 = Debug|Any CPU
		{6E20DEA4-5640-444B-8043-6F7A38F6656A}.Debug|iPhone.ActiveCfg = Debug|Any CPU
		{6E20DEA4-5640-444B-8043-6F7A38F6656A}.Debug|iPhone.Build.0 = Debug|Any CPU
		{6E20DEA4-5640-444B-8043-6F7A38F6656A}.Debug|iPhoneSimulator.ActiveCfg = Debug|Any CPU
		{6E20DEA4-5640-444B-8043-6F7A38F6656A}.Debug|iPhoneSimulator.Build.0 = Debug|Any CPU
		{6E20DEA4-5640-444B-8043-6F7A38F6656A}.Debug|x64.ActiveCfg = Debug|Any CPU
		{6E20DEA4-5640-444B-8043-6F7A38F6656A}.Debug|x64.Build.0 = Debug|Any CPU
		{6E20DEA4-5640-444B-8043-6F7A38F6656A}.Debug|x86.ActiveCfg = Debug|Any CPU
		{6E20DEA4-5640-444B-8043-6F7A38F6656A}.Debug|x86.Build.0 = Debug|Any CPU
		{6E20DEA4-5640-444B-8043-6F7A38F6656A}.Release|Any CPU.ActiveCfg = Release|Any CPU
		{6E20DEA4-5640-444B-8043-6F7A38F6656A}.Release|Any CPU.Build.0 = Release|Any CPU
		{6E20DEA4-5640-444B-8043-6F7A38F6656A}.Release|ARM.ActiveCfg = Release|Any CPU
		{6E20DEA4-5640-444B-8043-6F7A38F6656A}.Release|ARM.Build.0 = Release|Any CPU
		{6E20DEA4-5640-444B-8043-6F7A38F6656A}.Release|iPhone.ActiveCfg = Release|Any CPU
		{6E20DEA4-5640-444B-8043-6F7A38F6656A}.Release|iPhone.Build.0 = Release|Any CPU
		{6E20DEA4-5640-444B-8043-6F7A38F6656A}.Release|iPhoneSimulator.ActiveCfg = Release|Any CPU
		{6E20DEA4-5640-444B-8043-6F7A38F6656A}.Release|iPhoneSimulator.Build.0 = Release|Any CPU
		{6E20DEA4-5640-444B-8043-6F7A38F6656A}.Release|x64.ActiveCfg = Release|Any CPU
		{6E20DEA4-5640-444B-8043-6F7A38F6656A}.Release|x64.Build.0 = Release|Any CPU
		{6E20DEA4-5640-444B-8043-6F7A38F6656A}.Release|x86.ActiveCfg = Release|Any CPU
		{6E20DEA4-5640-444B-8043-6F7A38F6656A}.Release|x86.Build.0 = Release|Any CPU
		{1F2A9E94-EAA8-46E5-828B-DCF868BC2211}.Debug|Any CPU.ActiveCfg = Debug|iPhoneSimulator
		{1F2A9E94-EAA8-46E5-828B-DCF868BC2211}.Debug|Any CPU.Build.0 = Debug|iPhoneSimulator
		{1F2A9E94-EAA8-46E5-828B-DCF868BC2211}.Debug|ARM.ActiveCfg = Debug|iPhone
		{1F2A9E94-EAA8-46E5-828B-DCF868BC2211}.Debug|iPhone.ActiveCfg = Debug|iPhone
		{1F2A9E94-EAA8-46E5-828B-DCF868BC2211}.Debug|iPhone.Build.0 = Debug|iPhone
		{1F2A9E94-EAA8-46E5-828B-DCF868BC2211}.Debug|iPhoneSimulator.ActiveCfg = Debug|iPhoneSimulator
		{1F2A9E94-EAA8-46E5-828B-DCF868BC2211}.Debug|iPhoneSimulator.Build.0 = Debug|iPhoneSimulator
		{1F2A9E94-EAA8-46E5-828B-DCF868BC2211}.Debug|x64.ActiveCfg = Debug|iPhone
		{1F2A9E94-EAA8-46E5-828B-DCF868BC2211}.Debug|x86.ActiveCfg = Debug|iPhone
		{1F2A9E94-EAA8-46E5-828B-DCF868BC2211}.Release|Any CPU.ActiveCfg = Release|iPhone
		{1F2A9E94-EAA8-46E5-828B-DCF868BC2211}.Release|Any CPU.Build.0 = Release|iPhone
		{1F2A9E94-EAA8-46E5-828B-DCF868BC2211}.Release|ARM.ActiveCfg = Release|iPhoneSimulator
		{1F2A9E94-EAA8-46E5-828B-DCF868BC2211}.Release|iPhone.ActiveCfg = Release|iPhone
		{1F2A9E94-EAA8-46E5-828B-DCF868BC2211}.Release|iPhone.Build.0 = Release|iPhone
		{1F2A9E94-EAA8-46E5-828B-DCF868BC2211}.Release|iPhoneSimulator.ActiveCfg = Release|iPhoneSimulator
		{1F2A9E94-EAA8-46E5-828B-DCF868BC2211}.Release|iPhoneSimulator.Build.0 = Release|iPhoneSimulator
		{1F2A9E94-EAA8-46E5-828B-DCF868BC2211}.Release|x64.ActiveCfg = Release|iPhoneSimulator
		{1F2A9E94-EAA8-46E5-828B-DCF868BC2211}.Release|x86.ActiveCfg = Release|iPhoneSimulator
		{A37E8809-1783-4C4B-88CA-A0B4B671B50D}.Debug|Any CPU.ActiveCfg = Debug|Any CPU
		{A37E8809-1783-4C4B-88CA-A0B4B671B50D}.Debug|Any CPU.Build.0 = Debug|Any CPU
		{A37E8809-1783-4C4B-88CA-A0B4B671B50D}.Debug|ARM.ActiveCfg = Debug|Any CPU
		{A37E8809-1783-4C4B-88CA-A0B4B671B50D}.Debug|ARM.Build.0 = Debug|Any CPU
		{A37E8809-1783-4C4B-88CA-A0B4B671B50D}.Debug|ARM.Deploy.0 = Debug|Any CPU
		{A37E8809-1783-4C4B-88CA-A0B4B671B50D}.Debug|iPhone.ActiveCfg = Debug|Any CPU
		{A37E8809-1783-4C4B-88CA-A0B4B671B50D}.Debug|iPhone.Build.0 = Debug|Any CPU
		{A37E8809-1783-4C4B-88CA-A0B4B671B50D}.Debug|iPhoneSimulator.ActiveCfg = Debug|Any CPU
		{A37E8809-1783-4C4B-88CA-A0B4B671B50D}.Debug|iPhoneSimulator.Build.0 = Debug|Any CPU
		{A37E8809-1783-4C4B-88CA-A0B4B671B50D}.Debug|x64.ActiveCfg = Debug|Any CPU
		{A37E8809-1783-4C4B-88CA-A0B4B671B50D}.Debug|x64.Build.0 = Debug|Any CPU
		{A37E8809-1783-4C4B-88CA-A0B4B671B50D}.Debug|x64.Deploy.0 = Debug|Any CPU
		{A37E8809-1783-4C4B-88CA-A0B4B671B50D}.Debug|x86.ActiveCfg = Debug|Any CPU
		{A37E8809-1783-4C4B-88CA-A0B4B671B50D}.Debug|x86.Build.0 = Debug|Any CPU
		{A37E8809-1783-4C4B-88CA-A0B4B671B50D}.Debug|x86.Deploy.0 = Debug|Any CPU
		{A37E8809-1783-4C4B-88CA-A0B4B671B50D}.Release|Any CPU.ActiveCfg = Release|Any CPU
		{A37E8809-1783-4C4B-88CA-A0B4B671B50D}.Release|Any CPU.Build.0 = Release|Any CPU
		{A37E8809-1783-4C4B-88CA-A0B4B671B50D}.Release|ARM.ActiveCfg = Release|Any CPU
		{A37E8809-1783-4C4B-88CA-A0B4B671B50D}.Release|ARM.Build.0 = Release|Any CPU
		{A37E8809-1783-4C4B-88CA-A0B4B671B50D}.Release|ARM.Deploy.0 = Release|Any CPU
		{A37E8809-1783-4C4B-88CA-A0B4B671B50D}.Release|iPhone.ActiveCfg = Release|Any CPU
		{A37E8809-1783-4C4B-88CA-A0B4B671B50D}.Release|iPhone.Build.0 = Release|Any CPU
		{A37E8809-1783-4C4B-88CA-A0B4B671B50D}.Release|iPhoneSimulator.ActiveCfg = Release|Any CPU
		{A37E8809-1783-4C4B-88CA-A0B4B671B50D}.Release|iPhoneSimulator.Build.0 = Release|Any CPU
		{A37E8809-1783-4C4B-88CA-A0B4B671B50D}.Release|x64.ActiveCfg = Release|Any CPU
		{A37E8809-1783-4C4B-88CA-A0B4B671B50D}.Release|x64.Build.0 = Release|Any CPU
		{A37E8809-1783-4C4B-88CA-A0B4B671B50D}.Release|x64.Deploy.0 = Release|Any CPU
		{A37E8809-1783-4C4B-88CA-A0B4B671B50D}.Release|x86.ActiveCfg = Release|Any CPU
		{A37E8809-1783-4C4B-88CA-A0B4B671B50D}.Release|x86.Build.0 = Release|Any CPU
		{A37E8809-1783-4C4B-88CA-A0B4B671B50D}.Release|x86.Deploy.0 = Release|Any CPU
		{7F03EBBC-2947-43CC-B30E-540FE74EA547}.Debug|Any CPU.ActiveCfg = Debug|Any CPU
		{7F03EBBC-2947-43CC-B30E-540FE74EA547}.Debug|Any CPU.Build.0 = Debug|Any CPU
		{7F03EBBC-2947-43CC-B30E-540FE74EA547}.Debug|ARM.ActiveCfg = Debug|Any CPU
		{7F03EBBC-2947-43CC-B30E-540FE74EA547}.Debug|ARM.Build.0 = Debug|Any CPU
		{7F03EBBC-2947-43CC-B30E-540FE74EA547}.Debug|iPhone.ActiveCfg = Debug|Any CPU
		{7F03EBBC-2947-43CC-B30E-540FE74EA547}.Debug|iPhone.Build.0 = Debug|Any CPU
		{7F03EBBC-2947-43CC-B30E-540FE74EA547}.Debug|iPhoneSimulator.ActiveCfg = Debug|Any CPU
		{7F03EBBC-2947-43CC-B30E-540FE74EA547}.Debug|iPhoneSimulator.Build.0 = Debug|Any CPU
		{7F03EBBC-2947-43CC-B30E-540FE74EA547}.Debug|x64.ActiveCfg = Debug|Any CPU
		{7F03EBBC-2947-43CC-B30E-540FE74EA547}.Debug|x64.Build.0 = Debug|Any CPU
		{7F03EBBC-2947-43CC-B30E-540FE74EA547}.Debug|x86.ActiveCfg = Debug|Any CPU
		{7F03EBBC-2947-43CC-B30E-540FE74EA547}.Debug|x86.Build.0 = Debug|Any CPU
		{7F03EBBC-2947-43CC-B30E-540FE74EA547}.Release|Any CPU.ActiveCfg = Release|Any CPU
		{7F03EBBC-2947-43CC-B30E-540FE74EA547}.Release|Any CPU.Build.0 = Release|Any CPU
		{7F03EBBC-2947-43CC-B30E-540FE74EA547}.Release|ARM.ActiveCfg = Release|Any CPU
		{7F03EBBC-2947-43CC-B30E-540FE74EA547}.Release|ARM.Build.0 = Release|Any CPU
		{7F03EBBC-2947-43CC-B30E-540FE74EA547}.Release|iPhone.ActiveCfg = Release|Any CPU
		{7F03EBBC-2947-43CC-B30E-540FE74EA547}.Release|iPhone.Build.0 = Release|Any CPU
		{7F03EBBC-2947-43CC-B30E-540FE74EA547}.Release|iPhoneSimulator.ActiveCfg = Release|Any CPU
		{7F03EBBC-2947-43CC-B30E-540FE74EA547}.Release|iPhoneSimulator.Build.0 = Release|Any CPU
		{7F03EBBC-2947-43CC-B30E-540FE74EA547}.Release|x64.ActiveCfg = Release|Any CPU
		{7F03EBBC-2947-43CC-B30E-540FE74EA547}.Release|x64.Build.0 = Release|Any CPU
		{7F03EBBC-2947-43CC-B30E-540FE74EA547}.Release|x86.ActiveCfg = Release|Any CPU
		{7F03EBBC-2947-43CC-B30E-540FE74EA547}.Release|x86.Build.0 = Release|Any CPU
		{105F36B6-333A-42D9-A4EE-FFB7DDCF81A0}.Debug|Any CPU.ActiveCfg = Debug|x64
		{105F36B6-333A-42D9-A4EE-FFB7DDCF81A0}.Debug|Any CPU.Build.0 = Debug|x64
		{105F36B6-333A-42D9-A4EE-FFB7DDCF81A0}.Debug|Any CPU.Deploy.0 = Debug|x64
		{105F36B6-333A-42D9-A4EE-FFB7DDCF81A0}.Debug|ARM.ActiveCfg = Debug|ARM
		{105F36B6-333A-42D9-A4EE-FFB7DDCF81A0}.Debug|ARM.Build.0 = Debug|ARM
		{105F36B6-333A-42D9-A4EE-FFB7DDCF81A0}.Debug|ARM.Deploy.0 = Debug|ARM
		{105F36B6-333A-42D9-A4EE-FFB7DDCF81A0}.Debug|iPhone.ActiveCfg = Debug|x86
		{105F36B6-333A-42D9-A4EE-FFB7DDCF81A0}.Debug|iPhoneSimulator.ActiveCfg = Debug|x86
		{105F36B6-333A-42D9-A4EE-FFB7DDCF81A0}.Debug|x64.ActiveCfg = Debug|x64
		{105F36B6-333A-42D9-A4EE-FFB7DDCF81A0}.Debug|x64.Build.0 = Debug|x64
		{105F36B6-333A-42D9-A4EE-FFB7DDCF81A0}.Debug|x64.Deploy.0 = Debug|x64
		{105F36B6-333A-42D9-A4EE-FFB7DDCF81A0}.Debug|x86.ActiveCfg = Debug|x86
		{105F36B6-333A-42D9-A4EE-FFB7DDCF81A0}.Debug|x86.Build.0 = Debug|x86
		{105F36B6-333A-42D9-A4EE-FFB7DDCF81A0}.Debug|x86.Deploy.0 = Debug|x86
		{105F36B6-333A-42D9-A4EE-FFB7DDCF81A0}.Release|Any CPU.ActiveCfg = Release|x86
		{105F36B6-333A-42D9-A4EE-FFB7DDCF81A0}.Release|ARM.ActiveCfg = Release|ARM
		{105F36B6-333A-42D9-A4EE-FFB7DDCF81A0}.Release|ARM.Build.0 = Release|ARM
		{105F36B6-333A-42D9-A4EE-FFB7DDCF81A0}.Release|ARM.Deploy.0 = Release|ARM
		{105F36B6-333A-42D9-A4EE-FFB7DDCF81A0}.Release|iPhone.ActiveCfg = Release|x86
		{105F36B6-333A-42D9-A4EE-FFB7DDCF81A0}.Release|iPhoneSimulator.ActiveCfg = Release|x86
		{105F36B6-333A-42D9-A4EE-FFB7DDCF81A0}.Release|x64.ActiveCfg = Release|x64
		{105F36B6-333A-42D9-A4EE-FFB7DDCF81A0}.Release|x64.Build.0 = Release|x64
		{105F36B6-333A-42D9-A4EE-FFB7DDCF81A0}.Release|x64.Deploy.0 = Release|x64
		{105F36B6-333A-42D9-A4EE-FFB7DDCF81A0}.Release|x86.ActiveCfg = Release|x86
		{105F36B6-333A-42D9-A4EE-FFB7DDCF81A0}.Release|x86.Build.0 = Release|x86
		{105F36B6-333A-42D9-A4EE-FFB7DDCF81A0}.Release|x86.Deploy.0 = Release|x86
	EndGlobalSection
	GlobalSection(SolutionProperties) = preSolution
		HideSolutionNode = FALSE
	EndGlobalSection
	GlobalSection(ExtensibilityGlobals) = postSolution
		SolutionGuid = {8CADC8AE-60A4-46AD-B586-3D2377820013}
	EndGlobalSection
EndGlobal
